// !$*UTF8*$!
{
	archiveVersion = 1;
	classes = {
	};
	objectVersion = 77;
	objects = {

/* Begin PBXBuildFile section */
		7864636D2EFEADD800A2F954 /* Launch Screen.storyboard in Resources */ = {isa = PBXBuildFile; fileRef = 7864636C2EFEADD800A2F954 /* Launch Screen.storyboard */; };
		7864636F2EFEAE0E00A2F954 /* Launch Screen 2.storyboard in Resources */ = {isa = PBXBuildFile; fileRef = 7864636E2EFEAE0E00A2F954 /* Launch Screen 2.storyboard */; };
/* End PBXBuildFile section */

/* Begin PBXContainerItemProxy section */
		7851CB5C2EFC853700C04BB1 /* PBXContainerItemProxy */ = {
			isa = PBXContainerItemProxy;
			containerPortal = 7851CB462EFC853200C04BB1 /* Project object */;
			proxyType = 1;
			remoteGlobalIDString = 7851CB4D2EFC853300C04BB1;
			remoteInfo = DF792;
		};
		7851CB662EFC853700C04BB1 /* PBXContainerItemProxy */ = {
			isa = PBXContainerItemProxy;
			containerPortal = 7851CB462EFC853200C04BB1 /* Project object */;
			proxyType = 1;
			remoteGlobalIDString = 7851CB4D2EFC853300C04BB1;
			remoteInfo = DF792;
		};
/* End PBXContainerItemProxy section */

/* Begin PBXFileReference section */
		7851CB4E2EFC853300C04BB1 /* DF792.app */ = {isa = PBXFileReference; explicitFileType = wrapper.application; includeInIndex = 0; path = DF792.app; sourceTree = BUILT_PRODUCTS_DIR; };
		7851CB5B2EFC853700C04BB1 /* DF792Tests.xctest */ = {isa = PBXFileReference; explicitFileType = wrapper.cfbundle; includeInIndex = 0; path = DF792Tests.xctest; sourceTree = BUILT_PRODUCTS_DIR; };
		7851CB652EFC853700C04BB1 /* DF792UITests.xctest */ = {isa = PBXFileReference; explicitFileType = wrapper.cfbundle; includeInIndex = 0; path = DF792UITests.xctest; sourceTree = BUILT_PRODUCTS_DIR; };
		7864636C2EFEADD800A2F954 /* Launch Screen.storyboard */ = {isa = PBXFileReference; lastKnownFileType = file.storyboard; path = "Launch Screen.storyboard"; sourceTree = "<group>"; };
		7864636E2EFEAE0E00A2F954 /* Launch Screen 2.storyboard */ = {isa = PBXFileReference; lastKnownFileType = file.storyboard; path = "Launch Screen 2.storyboard"; sourceTree = "<group>"; };
/* End PBXFileReference section */

/* Begin PBXFileSystemSynchronizedRootGroup section */
		7851CB502EFC853300C04BB1 /* DF792 */ = {
			isa = PBXFileSystemSynchronizedRootGroup;
			path = DF792;
			sourceTree = "<group>";
		};
		7851CB5E2EFC853700C04BB1 /* DF792Tests */ = {
			isa = PBXFileSystemSynchronizedRootGroup;
			path = DF792Tests;
			sourceTree = "<group>";
		};
		7851CB682EFC853700C04BB1 /* DF792UITests */ = {
			isa = PBXFileSystemSynchronizedRootGroup;
			path = DF792UITests;
			sourceTree = "<group>";
		};
/* End PBXFileSystemSynchronizedRootGroup section */

/* Begin PBXFrameworksBuildPhase section */
		7851CB4B2EFC853300C04BB1 /* Frameworks */ = {
			isa = PBXFrameworksBuildPhase;
			buildActionMask = 2147483647;
			files = (
			);
			runOnlyForDeploymentPostprocessing = 0;
		};
		7851CB582EFC853700C04BB1 /* Frameworks */ = {
			isa = PBXFrameworksBuildPhase;
			buildActionMask = 2147483647;
			files = (
			);
			runOnlyForDeploymentPostprocessing = 0;
		};
		7851CB622EFC853700C04BB1 /* Frameworks */ = {
			isa = PBXFrameworksBuildPhase;
			buildActionMask = 2147483647;
			files = (
			);
			runOnlyForDeploymentPostprocessing = 0;
		};
/* End PBXFrameworksBuildPhase section */

/* Begin PBXGroup section */
		7851CB452EFC853200C04BB1 = {
			isa = PBXGroup;
			children = (
				7864636C2EFEADD800A2F954 /* Launch Screen.storyboard */,
				7864636E2EFEAE0E00A2F954 /* Launch Screen 2.storyboard */,
				7851CB502EFC853300C04BB1 /* DF792 */,
				7851CB5E2EFC853700C04BB1 /* DF792Tests */,
				7851CB682EFC853700C04BB1 /* DF792UITests */,
				7851CB4F2EFC853300C04BB1 /* Products */,
			);
			sourceTree = "<group>";
		};
		7851CB4F2EFC853300C04BB1 /* Products */ = {
			isa = PBXGroup;
			children = (
				7851CB4E2EFC853300C04BB1 /* DF792.app */,
				7851CB5B2EFC853700C04BB1 /* DF792Tests.xctest */,
				7851CB652EFC853700C04BB1 /* DF792UITests.xctest */,
			);
			name = Products;
			sourceTree = "<group>";
		};
/* End PBXGroup section */

/* Begin PBXNativeTarget section */
		7851CB4D2EFC853300C04BB1 /* DF792 */ = {
			isa = PBXNativeTarget;
			buildConfigurationList = 7851CB6F2EFC853700C04BB1 /* Build configuration list for PBXNativeTarget "DF792" */;
			buildPhases = (
				7851CB4A2EFC853300C04BB1 /* Sources */,
				7851CB4B2EFC853300C04BB1 /* Frameworks */,
				7851CB4C2EFC853300C04BB1 /* Resources */,
			);
			buildRules = (
			);
			dependencies = (
			);
			fileSystemSynchronizedGroups = (
				7851CB502EFC853300C04BB1 /* DF792 */,
			);
			name = DF792;
			packageProductDependencies = (
			);
			productName = DF792;
			productReference = 7851CB4E2EFC853300C04BB1 /* DF792.app */;
			productType = "com.apple.product-type.application";
		};
		7851CB5A2EFC853700C04BB1 /* DF792Tests */ = {
			isa = PBXNativeTarget;
			buildConfigurationList = 7851CB722EFC853700C04BB1 /* Build configuration list for PBXNativeTarget "DF792Tests" */;
			buildPhases = (
				7851CB572EFC853700C04BB1 /* Sources */,
				7851CB582EFC853700C04BB1 /* Frameworks */,
				7851CB592EFC853700C04BB1 /* Resources */,
			);
			buildRules = (
			);
			dependencies = (
				7851CB5D2EFC853700C04BB1 /* PBXTargetDependency */,
			);
			fileSystemSynchronizedGroups = (
				7851CB5E2EFC853700C04BB1 /* DF792Tests */,
			);
			name = DF792Tests;
			packageProductDependencies = (
			);
			productName = DF792Tests;
			productReference = 7851CB5B2EFC853700C04BB1 /* DF792Tests.xctest */;
			productType = "com.apple.product-type.bundle.unit-test";
		};
		7851CB642EFC853700C04BB1 /* DF792UITests */ = {
			isa = PBXNativeTarget;
			buildConfigurationList = 7851CB752EFC853700C04BB1 /* Build configuration list for PBXNativeTarget "DF792UITests" */;
			buildPhases = (
				7851CB612EFC853700C04BB1 /* Sources */,
				7851CB622EFC853700C04BB1 /* Frameworks */,
				7851CB632EFC853700C04BB1 /* Resources */,
			);
			buildRules = (
			);
			dependencies = (
				7851CB672EFC853700C04BB1 /* PBXTargetDependency */,
			);
			fileSystemSynchronizedGroups = (
				7851CB682EFC853700C04BB1 /* DF792UITests */,
			);
			name = DF792UITests;
			packageProductDependencies = (
			);
			productName = DF792UITests;
			productReference = 7851CB652EFC853700C04BB1 /* DF792UITests.xctest */;
			productType = "com.apple.product-type.bundle.ui-testing";
		};
/* End PBXNativeTarget section */

/* Begin PBXProject section */
		7851CB462EFC853200C04BB1 /* Project object */ = {
			isa = PBXProject;
			attributes = {
				BuildIndependentTargetsInParallel = 1;
				LastSwiftUpdateCheck = 2620;
				LastUpgradeCheck = 2620;
				TargetAttributes = {
					7851CB4D2EFC853300C04BB1 = {
						CreatedOnToolsVersion = 26.2;
					};
					7851CB5A2EFC853700C04BB1 = {
						CreatedOnToolsVersion = 26.2;
						TestTargetID = 7851CB4D2EFC853300C04BB1;
					};
					7851CB642EFC853700C04BB1 = {
						CreatedOnToolsVersion = 26.2;
						TestTargetID = 7851CB4D2EFC853300C04BB1;
					};
				};
			};
			buildConfigurationList = 7851CB492EFC853200C04BB1 /* Build configuration list for PBXProject "DF792" */;
			developmentRegion = en;
			hasScannedForEncodings = 0;
			knownRegions = (
				en,
				Base,
			);
			mainGroup = 7851CB452EFC853200C04BB1;
			minimizedProjectReferenceProxies = 1;
			preferredProjectObjectVersion = 77;
			productRefGroup = 7851CB4F2EFC853300C04BB1 /* Products */;
			projectDirPath = "";
			projectRoot = "";
			targets = (
				7851CB4D2EFC853300C04BB1 /* DF792 */,
				7851CB5A2EFC853700C04BB1 /* DF792Tests */,
				7851CB642EFC853700C04BB1 /* DF792UITests */,
			);
		};
/* End PBXProject section */

/* Begin PBXResourcesBuildPhase section */
		7851CB4C2EFC853300C04BB1 /* Resources */ = {
			isa = PBXResourcesBuildPhase;
			buildActionMask = 2147483647;
			files = (
				7864636D2EFEADD800A2F954 /* Launch Screen.storyboard in Resources */,
				7864636F2EFEAE0E00A2F954 /* Launch Screen 2.storyboard in Resources */,
			);
			runOnlyForDeploymentPostprocessing = 0;
		};
		7851CB592EFC853700C04BB1 /* Resources */ = {
			isa = PBXResourcesBuildPhase;
			buildActionMask = 2147483647;
			files = (
			);
			runOnlyForDeploymentPostprocessing = 0;
		};
		7851CB632EFC853700C04BB1 /* Resources */ = {
			isa = PBXResourcesBuildPhase;
			buildActionMask = 2147483647;
			files = (
			);
			runOnlyForDeploymentPostprocessing = 0;
		};
/* End PBXResourcesBuildPhase section */

/* Begin PBXSourcesBuildPhase section */
		7851CB4A2EFC853300C04BB1 /* Sources */ = {
			isa = PBXSourcesBuildPhase;
			buildActionMask = 2147483647;
			files = (
			);
			runOnlyForDeploymentPostprocessing = 0;
		};
		7851CB572EFC853700C04BB1 /* Sources */ = {
			isa = PBXSourcesBuildPhase;
			buildActionMask = 2147483647;
			files = (
			);
			runOnlyForDeploymentPostprocessing = 0;
		};
		7851CB612EFC853700C04BB1 /* Sources */ = {
			isa = PBXSourcesBuildPhase;
			buildActionMask = 2147483647;
			files = (
			);
			runOnlyForDeploymentPostprocessing = 0;
		};
/* End PBXSourcesBuildPhase section */

/* Begin PBXTargetDependency section */
		7851CB5D2EFC853700C04BB1 /* PBXTargetDependency */ = {
			isa = PBXTargetDependency;
			target = 7851CB4D2EFC853300C04BB1 /* DF792 */;
			targetProxy = 7851CB5C2EFC853700C04BB1 /* PBXContainerItemProxy */;
		};
		7851CB672EFC853700C04BB1 /* PBXTargetDependency */ = {
			isa = PBXTargetDependency;
			target = 7851CB4D2EFC853300C04BB1 /* DF792 */;
			targetProxy = 7851CB662EFC853700C04BB1 /* PBXContainerItemProxy */;
		};
/* End PBXTargetDependency section */

/* Begin XCBuildConfiguration section */
		7851CB6D2EFC853700C04BB1 /* Debug */ = {
			isa = XCBuildConfiguration;
			buildSettings = {
				ALWAYS_SEARCH_USER_PATHS = NO;
				ASSETCATALOG_COMPILER_GENERATE_SWIFT_ASSET_SYMBOL_EXTENSIONS = YES;
				CLANG_ANALYZER_NONNULL = YES;
				CLANG_ANALYZER_NUMBER_OBJECT_CONVERSION = YES_AGGRESSIVE;
				CLANG_CXX_LANGUAGE_STANDARD = "gnu++20";
				CLANG_ENABLE_MODULES = YES;
				CLANG_ENABLE_OBJC_ARC = YES;
				CLANG_ENABLE_OBJC_WEAK = YES;
				CLANG_WARN_BLOCK_CAPTURE_AUTORELEASING = YES;
				CLANG_WARN_BOOL_CONVERSION = YES;
				CLANG_WARN_COMMA = YES;
				CLANG_WARN_CONSTANT_CONVERSION = YES;
				CLANG_WARN_DEPRECATED_OBJC_IMPLEMENTATIONS = YES;
				CLANG_WARN_DIRECT_OBJC_ISA_USAGE = YES_ERROR;
				CLANG_WARN_DOCUMENTATION_COMMENTS = YES;
				CLANG_WARN_EMPTY_BODY = YES;
				CLANG_WARN_ENUM_CONVERSION = YES;
				CLANG_WARN_INFINITE_RECURSION = YES;
				CLANG_WARN_INT_CONVERSION = YES;
				CLANG_WARN_NON_LITERAL_NULL_CONVERSION = YES;
				CLANG_WARN_OBJC_IMPLICIT_RETAIN_SELF = YES;
				CLANG_WARN_OBJC_LITERAL_CONVERSION = YES;
				CLANG_WARN_OBJC_ROOT_CLASS = YES_ERROR;
				CLANG_WARN_QUOTED_INCLUDE_IN_FRAMEWORK_HEADER = YES;
				CLANG_WARN_RANGE_LOOP_ANALYSIS = YES;
				CLANG_WARN_STRICT_PROTOTYPES = YES;
				CLANG_WARN_SUSPICIOUS_MOVE = YES;
				CLANG_WARN_UNGUARDED_AVAILABILITY = YES_AGGRESSIVE;
				CLANG_WARN_UNREACHABLE_CODE = YES;
				CLANG_WARN__DUPLICATE_METHOD_MATCH = YES;
				COPY_PHASE_STRIP = NO;
				DEBUG_INFORMATION_FORMAT = dwarf;
				ENABLE_STRICT_OBJC_MSGSEND = YES;
				ENABLE_TESTABILITY = YES;
				ENABLE_USER_SCRIPT_SANDBOXING = YES;
				GCC_C_LANGUAGE_STANDARD = gnu17;
				GCC_DYNAMIC_NO_PIC = NO;
				GCC_NO_COMMON_BLOCKS = YES;
				GCC_OPTIMIZATION_LEVEL = 0;
				GCC_PREPROCESSOR_DEFINITIONS = (
					"DEBUG=1",
					"$(inherited)",
				);
				GCC_WARN_64_TO_32_BIT_CONVERSION = YES;
				GCC_WARN_ABOUT_RETURN_TYPE = YES_ERROR;
				GCC_WARN_UNDECLARED_SELECTOR = YES;
				GCC_WARN_UNINITIALIZED_AUTOS = YES_AGGRESSIVE;
				GCC_WARN_UNUSED_FUNCTION = YES;
				GCC_WARN_UNUSED_VARIABLE = YES;
				IPHONEOS_DEPLOYMENT_TARGET = 26.2;
				LOCALIZATION_PREFERS_STRING_CATALOGS = YES;
				MTL_ENABLE_DEBUG_INFO = INCLUDE_SOURCE;
				MTL_FAST_MATH = YES;
				ONLY_ACTIVE_ARCH = YES;
				SDKROOT = iphoneos;
				SWIFT_ACTIVE_COMPILATION_CONDITIONS = "DEBUG $(inherited)";
				SWIFT_OPTIMIZATION_LEVEL = "-Onone";
			};
			name = Debug;
		};
		7851CB6E2EFC853700C04BB1 /* Release */ = {
			isa = XCBuildConfiguration;
			buildSettings = {
				ALWAYS_SEARCH_USER_PATHS = NO;
				ASSETCATALOG_COMPILER_GENERATE_SWIFT_ASSET_SYMBOL_EXTENSIONS = YES;
				CLANG_ANALYZER_NONNULL = YES;
				CLANG_ANALYZER_NUMBER_OBJECT_CONVERSION = YES_AGGRESSIVE;
				CLANG_CXX_LANGUAGE_STANDARD = "gnu++20";
				CLANG_ENABLE_MODULES = YES;
				CLANG_ENABLE_OBJC_ARC = YES;
				CLANG_ENABLE_OBJC_WEAK = YES;
				CLANG_WARN_BLOCK_CAPTURE_AUTORELEASING = YES;
				CLANG_WARN_BOOL_CONVERSION = YES;
				CLANG_WARN_COMMA = YES;
				CLANG_WARN_CONSTANT_CONVERSION = YES;
				CLANG_WARN_DEPRECATED_OBJC_IMPLEMENTATIONS = YES;
				CLANG_WARN_DIRECT_OBJC_ISA_USAGE = YES_ERROR;
				CLANG_WARN_DOCUMENTATION_COMMENTS = YES;
				CLANG_WARN_EMPTY_BODY = YES;
				CLANG_WARN_ENUM_CONVERSION = YES;
				CLANG_WARN_INFINITE_RECURSION = YES;
				CLANG_WARN_INT_CONVERSION = YES;
				CLANG_WARN_NON_LITERAL_NULL_CONVERSION = YES;
				CLANG_WARN_OBJC_IMPLICIT_RETAIN_SELF = YES;
				CLANG_WARN_OBJC_LITERAL_CONVERSION = YES;
				CLANG_WARN_OBJC_ROOT_CLASS = YES_ERROR;
				CLANG_WARN_QUOTED_INCLUDE_IN_FRAMEWORK_HEADER = YES;
				CLANG_WARN_RANGE_LOOP_ANALYSIS = YES;
				CLANG_WARN_STRICT_PROTOTYPES = YES;
				CLANG_WARN_SUSPICIOUS_MOVE = YES;
				CLANG_WARN_UNGUARDED_AVAILABILITY = YES_AGGRESSIVE;
				CLANG_WARN_UNREACHABLE_CODE = YES;
				CLANG_WARN__DUPLICATE_METHOD_MATCH = YES;
				COPY_PHASE_STRIP = NO;
				DEBUG_INFORMATION_FORMAT = "dwarf-with-dsym";
				ENABLE_NS_ASSERTIONS = NO;
				ENABLE_STRICT_OBJC_MSGSEND = YES;
				ENABLE_USER_SCRIPT_SANDBOXING = YES;
				GCC_C_LANGUAGE_STANDARD = gnu17;
				GCC_NO_COMMON_BLOCKS = YES;
				GCC_WARN_64_TO_32_BIT_CONVERSION = YES;
				GCC_WARN_ABOUT_RETURN_TYPE = YES_ERROR;
				GCC_WARN_UNDECLARED_SELECTOR = YES;
				GCC_WARN_UNINITIALIZED_AUTOS = YES_AGGRESSIVE;
				GCC_WARN_UNUSED_FUNCTION = YES;
				GCC_WARN_UNUSED_VARIABLE = YES;
				IPHONEOS_DEPLOYMENT_TARGET = 26.2;
				LOCALIZATION_PREFERS_STRING_CATALOGS = YES;
				MTL_ENABLE_DEBUG_INFO = NO;
				MTL_FAST_MATH = YES;
				SDKROOT = iphoneos;
				SWIFT_COMPILATION_MODE = wholemodule;
				VALIDATE_PRODUCT = YES;
			};
			name = Release;
		};
		7851CB702EFC853700C04BB1 /* Debug */ = {
			isa = XCBuildConfiguration;
			buildSettings = {
				ASSETCATALOG_COMPILER_APPICON_NAME = AppIcon;
				ASSETCATALOG_COMPILER_GLOBAL_ACCENT_COLOR_NAME = AccentColor;
				CODE_SIGN_STYLE = Automatic;
				CURRENT_PROJECT_VERSION = 1;
				ENABLE_PREVIEWS = YES;
				GENERATE_INFOPLIST_FILE = YES;
				INFOPLIST_KEY_CFBundleDisplayName = "PinQuick Sense";
				INFOPLIST_KEY_UIApplicationSceneManifest_Generation = YES;
				INFOPLIST_KEY_UIApplicationSupportsIndirectInputEvents = YES;
				INFOPLIST_KEY_UILaunchScreen_Generation = YES;
				INFOPLIST_KEY_UILaunchStoryboardName = "Launch Screen.storyboard";
				INFOPLIST_KEY_UISupportedInterfaceOrientations = UIInterfaceOrientationPortrait;
				INFOPLIST_KEY_UISupportedInterfaceOrientations_iPad = "UIInterfaceOrientationLandscapeLeft UIInterfaceOrientationLandscapeRight UIInterfaceOrientationPortrait UIInterfaceOrientationPortraitUpsideDown";
				IPHONEOS_DEPLOYMENT_TARGET = 15.6;
				LD_RUNPATH_SEARCH_PATHS = (
					"$(inherited)",
					"@executable_path/Frameworks",
				);
				MARKETING_VERSION = 1.1;
				PRODUCT_BUNDLE_IDENTIFIER = IOI.DF792;
				PRODUCT_NAME = "$(TARGET_NAME)";
				STRING_CATALOG_GENERATE_SYMBOLS = YES;
				SUPPORTED_PLATFORMS = "iphoneos iphonesimulator";
				SUPPORTS_MACCATALYST = NO;
				SUPPORTS_MAC_DESIGNED_FOR_IPHONE_IPAD = NO;
				SUPPORTS_XR_DESIGNED_FOR_IPHONE_IPAD = NO;
				SWIFT_APPROACHABLE_CONCURRENCY = YES;
				SWIFT_DEFAULT_ACTOR_ISOLATION = MainActor;
				SWIFT_EMIT_LOC_STRINGS = YES;
				SWIFT_UPCOMING_FEATURE_MEMBER_IMPORT_VISIBILITY = YES;
				SWIFT_VERSION = 5.0;
				TARGETED_DEVICE_FAMILY = 1;
			};
			name = Debug;
		};
		7851CB712EFC853700C04BB1 /* Release */ = {
			isa = XCBuildConfiguration;
			buildSettings = {
				ASSETCATALOG_COMPILER_APPICON_NAME = AppIcon;
				ASSETCATALOG_COMPILER_GLOBAL_ACCENT_COLOR_NAME = AccentColor;
				CODE_SIGN_STYLE = Automatic;
				CURRENT_PROJECT_VERSION = 1;
				ENABLE_PREVIEWS = YES;
				GENERATE_INFOPLIST_FILE = YES;
				INFOPLIST_KEY_CFBundleDisplayName = "PinQuick Sense";
				INFOPLIST_KEY_UIApplicationSceneManifest_Generation = YES;
				INFOPLIST_KEY_UIApplicationSupportsIndirectInputEvents = YES;
				INFOPLIST_KEY_UILaunchScreen_Generation = YES;
				INFOPLIST_KEY_UILaunchStoryboardName = "Launch Screen.storyboard";
				INFOPLIST_KEY_UISupportedInterfaceOrientations = UIInterfaceOrientationPortrait;
				INFOPLIST_KEY_UISupportedInterfaceOrientations_iPad = "UIInterfaceOrientationLandscapeLeft UIInterfaceOrientationLandscapeRight UIInterfaceOrientationPortrait UIInterfaceOrientationPortraitUpsideDown";
				IPHONEOS_DEPLOYMENT_TARGET = 15.6;
				LD_RUNPATH_SEARCH_PATHS = (
					"$(inherited)",
					"@executable_path/Frameworks",
				);
				MARKETING_VERSION = 1.1;
				PRODUCT_BUNDLE_IDENTIFIER = IOI.DF792;
				PRODUCT_NAME = "$(TARGET_NAME)";
				STRING_CATALOG_GENERATE_SYMBOLS = YES;
				SUPPORTED_PLATFORMS = "iphoneos iphonesimulator";
				SUPPORTS_MACCATALYST = NO;
				SUPPORTS_MAC_DESIGNED_FOR_IPHONE_IPAD = NO;
				SUPPORTS_XR_DESIGNED_FOR_IPHONE_IPAD = NO;
				SWIFT_APPROACHABLE_CONCURRENCY = YES;
				SWIFT_DEFAULT_ACTOR_ISOLATION = MainActor;
				SWIFT_EMIT_LOC_STRINGS = YES;
				SWIFT_UPCOMING_FEATURE_MEMBER_IMPORT_VISIBILITY = YES;
				SWIFT_VERSION = 5.0;
				TARGETED_DEVICE_FAMILY = 1;
			};
			name = Release;
		};
		7851CB732EFC853700C04BB1 /* Debug */ = {
			isa = XCBuildConfiguration;
			buildSettings = {
				BUNDLE_LOADER = "$(TEST_HOST)";
				CODE_SIGN_STYLE = Automatic;
				CURRENT_PROJECT_VERSION = 1;
				GENERATE_INFOPLIST_FILE = YES;
				IPHONEOS_DEPLOYMENT_TARGET = 26.2;
				MARKETING_VERSION = 1.0;
				PRODUCT_BUNDLE_IDENTIFIER = IOI.DF792Tests;
				PRODUCT_NAME = "$(TARGET_NAME)";
				STRING_CATALOG_GENERATE_SYMBOLS = NO;
				SWIFT_APPROACHABLE_CONCURRENCY = YES;
				SWIFT_EMIT_LOC_STRINGS = NO;
				SWIFT_UPCOMING_FEATURE_MEMBER_IMPORT_VISIBILITY = YES;
				SWIFT_VERSION = 5.0;
				TARGETED_DEVICE_FAMILY = "1,2";
				TEST_HOST = "$(BUILT_PRODUCTS_DIR)/DF792.app/$(BUNDLE_EXECUTABLE_FOLDER_PATH)/DF792";
			};
			name = Debug;
		};
		7851CB742EFC853700C04BB1 /* Release */ = {
			isa = XCBuildConfiguration;
			buildSettings = {
				BUNDLE_LOADER = "$(TEST_HOST)";
				CODE_SIGN_STYLE = Automatic;
				CURRENT_PROJECT_VERSION = 1;
				GENERATE_INFOPLIST_FILE = YES;
				IPHONEOS_DEPLOYMENT_TARGET = 26.2;
				MARKETING_VERSION = 1.0;
				PRODUCT_BUNDLE_IDENTIFIER = IOI.DF792Tests;
				PRODUCT_NAME = "$(TARGET_NAME)";
				STRING_CATALOG_GENERATE_SYMBOLS = NO;
				SWIFT_APPROACHABLE_CONCURRENCY = YES;
				SWIFT_EMIT_LOC_STRINGS = NO;
				SWIFT_UPCOMING_FEATURE_MEMBER_IMPORT_VISIBILITY = YES;
				SWIFT_VERSION = 5.0;
				TARGETED_DEVICE_FAMILY = "1,2";
				TEST_HOST = "$(BUILT_PRODUCTS_DIR)/DF792.app/$(BUNDLE_EXECUTABLE_FOLDER_PATH)/DF792";
			};
			name = Release;
		};
		7851CB762EFC853700C04BB1 /* Debug */ = {
			isa = XCBuildConfiguration;
			buildSettings = {
				CODE_SIGN_STYLE = Automatic;
				CURRENT_PROJECT_VERSION = 1;
				GENERATE_INFOPLIST_FILE = YES;
				MARKETING_VERSION = 1.0;
				PRODUCT_BUNDLE_IDENTIFIER = IOI.DF792UITests;
				PRODUCT_NAME = "$(TARGET_NAME)";
				STRING_CATALOG_GENERATE_SYMBOLS = NO;
				SWIFT_APPROACHABLE_CONCURRENCY = YES;
				SWIFT_EMIT_LOC_STRINGS = NO;
				SWIFT_UPCOMING_FEATURE_MEMBER_IMPORT_VISIBILITY = YES;
				SWIFT_VERSION = 5.0;
				TARGETED_DEVICE_FAMILY = "1,2";
				TEST_TARGET_NAME = DF792;
			};
			name = Debug;
		};
		7851CB772EFC853700C04BB1 /* Release */ = {
			isa = XCBuildConfiguration;
			buildSettings = {
				CODE_SIGN_STYLE = Automatic;
				CURRENT_PROJECT_VERSION = 1;
				GENERATE_INFOPLIST_FILE = YES;
				MARKETING_VERSION = 1.0;
				PRODUCT_BUNDLE_IDENTIFIER = IOI.DF792UITests;
				PRODUCT_NAME = "$(TARGET_NAME)";
				STRING_CATALOG_GENERATE_SYMBOLS = NO;
				SWIFT_APPROACHABLE_CONCURRENCY = YES;
				SWIFT_EMIT_LOC_STRINGS = NO;
				SWIFT_UPCOMING_FEATURE_MEMBER_IMPORT_VISIBILITY = YES;
				SWIFT_VERSION = 5.0;
				TARGETED_DEVICE_FAMILY = "1,2";
				TEST_TARGET_NAME = DF792;
			};
			name = Release;
		};
/* End XCBuildConfiguration section */

/* Begin XCConfigurationList section */
		7851CB492EFC853200C04BB1 /* Build configuration list for PBXProject "DF792" */ = {
			isa = XCConfigurationList;
			buildConfigurations = (
				7851CB6D2EFC853700C04BB1 /* Debug */,
				7851CB6E2EFC853700C04BB1 /* Release */,
			);
			defaultConfigurationIsVisible = 0;
			defaultConfigurationName = Release;
		};
		7851CB6F2EFC853700C04BB1 /* Build configuration list for PBXNativeTarget "DF792" */ = {
			isa = XCConfigurationList;
			buildConfigurations = (
				7851CB702EFC853700C04BB1 /* Debug */,
				7851CB712EFC853700C04BB1 /* Release */,
			);
			defaultConfigurationIsVisible = 0;
			defaultConfigurationName = Release;
		};
		7851CB722EFC853700C04BB1 /* Build configuration list for PBXNativeTarget "DF792Tests" */ = {
			isa = XCConfigurationList;
			buildConfigurations = (
				7851CB732EFC853700C04BB1 /* Debug */,
				7851CB742EFC853700C04BB1 /* Release */,
			);
			defaultConfigurationIsVisible = 0;
			defaultConfigurationName = Release;
		};
		7851CB752EFC853700C04BB1 /* Build configuration list for PBXNativeTarget "DF792UITests" */ = {
			isa = XCConfigurationList;
			buildConfigurations = (
				7851CB762EFC853700C04BB1 /* Debug */,
				7851CB772EFC853700C04BB1 /* Release */,
			);
			defaultConfigurationIsVisible = 0;
			defaultConfigurationName = Release;
		};
/* End XCConfigurationList section */
	};
	rootObject = 7851CB462EFC853200C04BB1 /* Project object */;
}
